// !$*UTF8*$!
{
	archiveVersion = 1;
	classes = {
	};
	objectVersion = 46;
	objects = {

/* Begin PBXBuildFile section */
		A805766E1AC2458600926E41 /* TableViewController.swift in Sources */ = {isa = PBXBuildFile; fileRef = A805766D1AC2458600926E41 /* TableViewController.swift */; };
		A85E2A571AC7BF64007BB271 /* Impact.otf in Resources */ = {isa = PBXBuildFile; fileRef = A85E2A561AC7BF27007BB271 /* Impact.otf */; };
		A8679A001AC20285009D118B /* MemeImage.swift in Sources */ = {isa = PBXBuildFile; fileRef = A86799FF1AC20285009D118B /* MemeImage.swift */; };
		A8AB30EA1AC30E9C00538EF7 /* MemeViewController.swift in Sources */ = {isa = PBXBuildFile; fileRef = A8AB30E91AC30E9C00538EF7 /* MemeViewController.swift */; };
		A8BC59101AC1BA2C006C5535 /* AppDelegate.swift in Sources */ = {isa = PBXBuildFile; fileRef = A8BC590F1AC1BA2C006C5535 /* AppDelegate.swift */; };
		A8BC59121AC1BA2C006C5535 /* MediaEditorViewController.swift in Sources */ = {isa = PBXBuildFile; fileRef = A8BC59111AC1BA2C006C5535 /* MediaEditorViewController.swift */; };
		A8BC59151AC1BA2C006C5535 /* Main.storyboard in Resources */ = {isa = PBXBuildFile; fileRef = A8BC59131AC1BA2C006C5535 /* Main.storyboard */; };
		A8BC59171AC1BA2C006C5535 /* Images.xcassets in Resources */ = {isa = PBXBuildFile; fileRef = A8BC59161AC1BA2C006C5535 /* Images.xcassets */; };
		A8BC591A1AC1BA2C006C5535 /* LaunchScreen.xib in Resources */ = {isa = PBXBuildFile; fileRef = A8BC59181AC1BA2C006C5535 /* LaunchScreen.xib */; };
		A8DC4F141AC742960052FE69 /* MemeCell.swift in Sources */ = {isa = PBXBuildFile; fileRef = A8DC4F131AC742960052FE69 /* MemeCell.swift */; };
		A8DC4F161AC742D00052FE69 /* CollectionViewController.swift in Sources */ = {isa = PBXBuildFile; fileRef = A8DC4F151AC742D00052FE69 /* CollectionViewController.swift */; };
/* End PBXBuildFile section */

/* Begin PBXFileReference section */
		A805766D1AC2458600926E41 /* TableViewController.swift */ = {isa = PBXFileReference; fileEncoding = 4; lastKnownFileType = sourcecode.swift; path = TableViewController.swift; sourceTree = "<group>"; };
		A85E2A561AC7BF27007BB271 /* Impact.otf */ = {isa = PBXFileReference; lastKnownFileType = file; path = Impact.otf; sourceTree = "<group>"; };
		A86799FF1AC20285009D118B /* MemeImage.swift */ = {isa = PBXFileReference; fileEncoding = 4; lastKnownFileType = sourcecode.swift; path = MemeImage.swift; sourceTree = "<group>"; };
		A8AB30E91AC30E9C00538EF7 /* MemeViewController.swift */ = {isa = PBXFileReference; fileEncoding = 4; lastKnownFileType = sourcecode.swift; path = MemeViewController.swift; sourceTree = "<group>"; };
		A8BC590A1AC1BA2C006C5535 /* MemeMe.app */ = {isa = PBXFileReference; explicitFileType = wrapper.application; includeInIndex = 0; path = MemeMe.app; sourceTree = BUILT_PRODUCTS_DIR; };
		A8BC590E1AC1BA2C006C5535 /* Info.plist */ = {isa = PBXFileReference; lastKnownFileType = text.plist.xml; path = Info.plist; sourceTree = "<group>"; };
		A8BC590F1AC1BA2C006C5535 /* AppDelegate.swift */ = {isa = PBXFileReference; lastKnownFileType = sourcecode.swift; path = AppDelegate.swift; sourceTree = "<group>"; };
		A8BC59111AC1BA2C006C5535 /* MediaEditorViewController.swift */ = {isa = PBXFileReference; lastKnownFileType = sourcecode.swift; path = MediaEditorViewController.swift; sourceTree = "<group>"; };
		A8BC59141AC1BA2C006C5535 /* Base */ = {isa = PBXFileReference; lastKnownFileType = file.storyboard; name = Base; path = Base.lproj/Main.storyboard; sourceTree = "<group>"; };
		A8BC59161AC1BA2C006C5535 /* Images.xcassets */ = {isa = PBXFileReference; lastKnownFileType = folder.assetcatalog; path = Images.xcassets; sourceTree = "<group>"; };
		A8BC59191AC1BA2C006C5535 /* Base */ = {isa = PBXFileReference; lastKnownFileType = file.xib; name = Base; path = Base.lproj/LaunchScreen.xib; sourceTree = "<group>"; };
		A8BC59241AC1BA2C006C5535 /* Info.plist */ = {isa = PBXFileReference; lastKnownFileType = text.plist.xml; path = Info.plist; sourceTree = "<group>"; };
		A8BC59251AC1BA2C006C5535 /* MemeMeTests.swift */ = {isa = PBXFileReference; lastKnownFileType = sourcecode.swift; path = MemeMeTests.swift; sourceTree = "<group>"; };
		A8DC4F131AC742960052FE69 /* MemeCell.swift */ = {isa = PBXFileReference; fileEncoding = 4; lastKnownFileType = sourcecode.swift; path = MemeCell.swift; sourceTree = "<group>"; };
		A8DC4F151AC742D00052FE69 /* CollectionViewController.swift */ = {isa = PBXFileReference; fileEncoding = 4; lastKnownFileType = sourcecode.swift; path = CollectionViewController.swift; sourceTree = "<group>"; };
/* End PBXFileReference section */

/* Begin PBXFrameworksBuildPhase section */
		A8BC59071AC1BA2C006C5535 /* Frameworks */ = {
			isa = PBXFrameworksBuildPhase;
			buildActionMask = 2147483647;
			files = (
			);
			runOnlyForDeploymentPostprocessing = 0;
		};
/* End PBXFrameworksBuildPhase section */

/* Begin PBXGroup section */
		A8B7A8781AC7683D006F0835 /* View Controllers */ = {
			isa = PBXGroup;
			children = (
				A8DC4F151AC742D00052FE69 /* CollectionViewController.swift */,
				A8BC59111AC1BA2C006C5535 /* MediaEditorViewController.swift */,
				A805766D1AC2458600926E41 /* TableViewController.swift */,
				A8AB30E91AC30E9C00538EF7 /* MemeViewController.swift */,
			);
			name = "View Controllers";
			sourceTree = "<group>";
		};
		A8BC59011AC1BA2C006C5535 = {
			isa = PBXGroup;
			children = (
				A8BC590C1AC1BA2C006C5535 /* MemeMe */,
				A8BC59221AC1BA2C006C5535 /* MemeMeTests */,
				A8BC590B1AC1BA2C006C5535 /* Products */,
			);
			sourceTree = "<group>";
		};
		A8BC590B1AC1BA2C006C5535 /* Products */ = {
			isa = PBXGroup;
			children = (
				A8BC590A1AC1BA2C006C5535 /* MemeMe.app */,
			);
			name = Products;
			sourceTree = "<group>";
		};
		A8BC590C1AC1BA2C006C5535 /* MemeMe */ = {
			isa = PBXGroup;
			children = (
				A8B7A8781AC7683D006F0835 /* View Controllers */,
				A8BC590D1AC1BA2C006C5535 /* Supporting Files */,
			);
			path = MemeMe;
			sourceTree = "<group>";
		};
		A8BC590D1AC1BA2C006C5535 /* Supporting Files */ = {
			isa = PBXGroup;
			children = (
				A86799FF1AC20285009D118B /* MemeImage.swift */,
				A85E2A561AC7BF27007BB271 /* Impact.otf */,
				A8DC4F131AC742960052FE69 /* MemeCell.swift */,
				A8BC59131AC1BA2C006C5535 /* Main.storyboard */,
				A8BC590F1AC1BA2C006C5535 /* AppDelegate.swift */,
				A8BC59161AC1BA2C006C5535 /* Images.xcassets */,
				A8BC59181AC1BA2C006C5535 /* LaunchScreen.xib */,
				A8BC590E1AC1BA2C006C5535 /* Info.plist */,
			);
			name = "Supporting Files";
			sourceTree = "<group>";
		};
		A8BC59221AC1BA2C006C5535 /* MemeMeTests */ = {
			isa = PBXGroup;
			children = (
				A8BC59251AC1BA2C006C5535 /* MemeMeTests.swift */,
				A8BC59231AC1BA2C006C5535 /* Supporting Files */,
			);
			path = MemeMeTests;
			sourceTree = "<group>";
		};
		A8BC59231AC1BA2C006C5535 /* Supporting Files */ = {
			isa = PBXGroup;
			children = (
				A8BC59241AC1BA2C006C5535 /* Info.plist */,
			);
			name = "Supporting Files";
			sourceTree = "<group>";
		};
/* End PBXGroup section */

/* Begin PBXNativeTarget section */
		A8BC59091AC1BA2C006C5535 /* MemeMe */ = {
			isa = PBXNativeTarget;
			buildConfigurationList = A8BC59291AC1BA2C006C5535 /* Build configuration list for PBXNativeTarget "MemeMe" */;
			buildPhases = (
				A8BC59061AC1BA2C006C5535 /* Sources */,
				A8BC59071AC1BA2C006C5535 /* Frameworks */,
				A8BC59081AC1BA2C006C5535 /* Resources */,
			);
			buildRules = (
			);
			dependencies = (
			);
			name = MemeMe;
			productName = MemeMe;
			productReference = A8BC590A1AC1BA2C006C5535 /* MemeMe.app */;
			productType = "com.apple.product-type.application";
		};
/* End PBXNativeTarget section */

/* Begin PBXProject section */
		A8BC59021AC1BA2C006C5535 /* Project object */ = {
			isa = PBXProject;
			attributes = {
				LastSwiftMigration = 0700;
				LastSwiftUpdateCheck = 0700;
				LastUpgradeCheck = 0820;
				ORGANIZATIONNAME = "Mayank Kumar";
				TargetAttributes = {
					A8BC59091AC1BA2C006C5535 = {
						CreatedOnToolsVersion = 6.2;
						LastSwiftMigration = 0820;
					};
				};
			};
			buildConfigurationList = A8BC59051AC1BA2C006C5535 /* Build configuration list for PBXProject "MemeMe" */;
			compatibilityVersion = "Xcode 3.2";
			developmentRegion = English;
			hasScannedForEncodings = 0;
			knownRegions = (
				en,
				Base,
			);
			mainGroup = A8BC59011AC1BA2C006C5535;
			productRefGroup = A8BC590B1AC1BA2C006C5535 /* Products */;
			projectDirPath = "";
			projectRoot = "";
			targets = (
				A8BC59091AC1BA2C006C5535 /* MemeMe */,
			);
		};
/* End PBXProject section */

/* Begin PBXResourcesBuildPhase section */
		A8BC59081AC1BA2C006C5535 /* Resources */ = {
			isa = PBXResourcesBuildPhase;
			buildActionMask = 2147483647;
			files = (
				A8BC59151AC1BA2C006C5535 /* Main.storyboard in Resources */,
				A8BC591A1AC1BA2C006C5535 /* LaunchScreen.xib in Resources */,
				A8BC59171AC1BA2C006C5535 /* Images.xcassets in Resources */,
				A85E2A571AC7BF64007BB271 /* Impact.otf in Resources */,
			);
			runOnlyForDeploymentPostprocessing = 0;
		};
/* End PBXResourcesBuildPhase section */

/* Begin PBXSourcesBuildPhase section */
		A8BC59061AC1BA2C006C5535 /* Sources */ = {
			isa = PBXSourcesBuildPhase;
			buildActionMask = 2147483647;
			files = (
				A8679A001AC20285009D118B /* MemeImage.swift in Sources */,
				A8AB30EA1AC30E9C00538EF7 /* MemeViewController.swift in Sources */,
				A8BC59121AC1BA2C006C5535 /* MediaEditorViewController.swift in Sources */,
				A8DC4F141AC742960052FE69 /* MemeCell.swift in Sources */,
				A8DC4F161AC742D00052FE69 /* CollectionViewController.swift in Sources */,
				A8BC59101AC1BA2C006C5535 /* AppDelegate.swift in Sources */,
				A805766E1AC2458600926E41 /* TableViewController.swift in Sources */,
			);
			runOnlyForDeploymentPostprocessing = 0;
		};
/* End PBXSourcesBuildPhase section */

/* Begin PBXVariantGroup section */
		A8BC59131AC1BA2C006C5535 /* Main.storyboard */ = {
			isa = PBXVariantGroup;
			children = (
				A8BC59141AC1BA2C006C5535 /* Base */,
			);
			name = Main.storyboard;
			sourceTree = "<group>";
		};
		A8BC59181AC1BA2C006C5535 /* LaunchScreen.xib */ = {
			isa = PBXVariantGroup;
			children = (
				A8BC59191AC1BA2C006C5535 /* Base */,
			);
			name = LaunchScreen.xib;
			sourceTree = "<group>";
		};
/* End PBXVariantGroup section */

/* Begin XCBuildConfiguration section */
		A8BC59271AC1BA2C006C5535 /* Debug */ = {
			isa = XCBuildConfiguration;
			buildSettings = {
				ALWAYS_SEARCH_USER_PATHS = NO;
				CLANG_CXX_LANGUAGE_STANDARD = "gnu++0x";
				CLANG_CXX_LIBRARY = "libc++";
				CLANG_ENABLE_MODULES = YES;
				CLANG_ENABLE_OBJC_ARC = YES;
				CLANG_WARN_BOOL_CONVERSION = YES;
				CLANG_WARN_CONSTANT_CONVERSION = YES;
				CLANG_WARN_DIRECT_OBJC_ISA_USAGE = YES_ERROR;
				CLANG_WARN_EMPTY_BODY = YES;
				CLANG_WARN_ENUM_CONVERSION = YES;
				CLANG_WARN_INFINITE_RECURSION = YES;
				CLANG_WARN_INT_CONVERSION = YES;
				CLANG_WARN_OBJC_ROOT_CLASS = YES_ERROR;
				CLANG_WARN_SUSPICIOUS_MOVE = YES;
				CLANG_WARN_UNREACHABLE_CODE = YES;
				CLANG_WARN__DUPLICATE_METHOD_MATCH = YES;
				"CODE_SIGN_IDENTITY[sdk=iphoneos*]" = "iPhone Developer";
				COPY_PHASE_STRIP = NO;
				ENABLE_STRICT_OBJC_MSGSEND = YES;
				ENABLE_TESTABILITY = YES;
				GCC_C_LANGUAGE_STANDARD = gnu99;
				GCC_DYNAMIC_NO_PIC = NO;
				GCC_NO_COMMON_BLOCKS = YES;
				GCC_OPTIMIZATION_LEVEL = 0;
				GCC_PREPROCESSOR_DEFINITIONS = (
					"DEBUG=1",
					"$(inherited)",
				);
				GCC_SYMBOLS_PRIVATE_EXTERN = NO;
				GCC_WARN_64_TO_32_BIT_CONVERSION = YES;
				GCC_WARN_ABOUT_RETURN_TYPE = YES_ERROR;
				GCC_WARN_UNDECLARED_SELECTOR = YES;
				GCC_WARN_UNINITIALIZED_AUTOS = YES_AGGRESSIVE;
				GCC_WARN_UNUSED_FUNCTION = YES;
				GCC_WARN_UNUSED_VARIABLE = YES;
				IPHONEOS_DEPLOYMENT_TARGET = 9.0;
				MTL_ENABLE_DEBUG_INFO = YES;
				ONLY_ACTIVE_ARCH = YES;
				SDKROOT = iphoneos;
				SWIFT_OPTIMIZATION_LEVEL = "-Onone";
				TARGETED_DEVICE_FAMILY = "1,2";
			};
			name = Debug;
		};
		A8BC59281AC1BA2C006C5535 /* Release */ = {
			isa = XCBuildConfiguration;
			buildSettings = {
				ALWAYS_SEARCH_USER_PATHS = NO;
				CLANG_CXX_LANGUAGE_STANDARD = "gnu++0x";
				CLANG_CXX_LIBRARY = "libc++";
				CLANG_ENABLE_MODULES = YES;
				CLANG_ENABLE_OBJC_ARC = YES;
				CLANG_WARN_BOOL_CONVERSION = YES;
				CLANG_WARN_CONSTANT_CONVERSION = YES;
				CLANG_WARN_DIRECT_OBJC_ISA_USAGE = YES_ERROR;
				CLANG_WARN_EMPTY_BODY = YES;
				CLANG_WARN_ENUM_CONVERSION = YES;
				CLANG_WARN_INFINITE_RECURSION = YES;
				CLANG_WARN_INT_CONVERSION = YES;
				CLANG_WARN_OBJC_ROOT_CLASS = YES_ERROR;
				CLANG_WARN_SUSPICIOUS_MOVE = YES;
				CLANG_WARN_UNREACHABLE_CODE = YES;
				CLANG_WARN__DUPLICATE_METHOD_MATCH = YES;
				"CODE_SIGN_IDENTITY[sdk=iphoneos*]" = "iPhone Developer";
				COPY_PHASE_STRIP = NO;
				ENABLE_NS_ASSERTIONS = NO;
				ENABLE_STRICT_OBJC_MSGSEND = YES;
				GCC_C_LANGUAGE_STANDARD = gnu99;
				GCC_NO_COMMON_BLOCKS = YES;
				GCC_WARN_64_TO_32_BIT_CONVERSION = YES;
				GCC_WARN_ABOUT_RETURN_TYPE = YES_ERROR;
				GCC_WARN_UNDECLARED_SELECTOR = YES;
				GCC_WARN_UNINITIALIZED_AUTOS = YES_AGGRESSIVE;
				GCC_WARN_UNUSED_FUNCTION = YES;
				GCC_WARN_UNUSED_VARIABLE = YES;
				IPHONEOS_DEPLOYMENT_TARGET = 9.0;
				MTL_ENABLE_DEBUG_INFO = NO;
				SDKROOT = iphoneos;
				SWIFT_OPTIMIZATION_LEVEL = "-Owholemodule";
				TARGETED_DEVICE_FAMILY = "1,2";
				VALIDATE_PRODUCT = YES;
			};
			name = Release;
		};
		A8BC592A1AC1BA2C006C5535 /* Debug */ = {
			isa = XCBuildConfiguration;
			buildSettings = {
				ASSETCATALOG_COMPILER_APPICON_NAME = AppIcon;
				INFOPLIST_FILE = MemeMe/Info.plist;
				IPHONEOS_DEPLOYMENT_TARGET = 8.2;
				LD_RUNPATH_SEARCH_PATHS = "$(inherited) @executable_path/Frameworks";
				PRODUCT_BUNDLE_IDENTIFIER = "com.mayank.$(PRODUCT_NAME:rfc1034identifier)";
				PRODUCT_NAME = "$(TARGET_NAME)";
				SWIFT_VERSION = 3.0;
				TARGETED_DEVICE_FAMILY = 1;
			};
			name = Debug;
		};
		A8BC592B1AC1BA2C006C5535 /* Release */ = {
			isa = XCBuildConfiguration;
			buildSettings = {
				ASSETCATALOG_COMPILER_APPICON_NAME = AppIcon;
				INFOPLIST_FILE = MemeMe/Info.plist;
				IPHONEOS_DEPLOYMENT_TARGET = 8.2;
				LD_RUNPATH_SEARCH_PATHS = "$(inherited) @executable_path/Frameworks";
				PRODUCT_BUNDLE_IDENTIFIER = "com.mayank.$(PRODUCT_NAME:rfc1034identifier)";
				PRODUCT_NAME = "$(TARGET_NAME)";
				SWIFT_VERSION = 3.0;
				TARGETED_DEVICE_FAMILY = 1;
			};
			name = Release;
		};
/* End XCBuildConfiguration section */

/* Begin XCConfigurationList section */
		A8BC59051AC1BA2C006C5535 /* Build configuration list for PBXProject "MemeMe" */ = {
			isa = XCConfigurationList;
			buildConfigurations = (
				A8BC59271AC1BA2C006C5535 /* Debug */,
				A8BC59281AC1BA2C006C5535 /* Release */,
			);
			defaultConfigurationIsVisible = 0;
			defaultConfigurationName = Release;
		};
		A8BC59291AC1BA2C006C5535 /* Build configuration list for PBXNativeTarget "MemeMe" */ = {
			isa = XCConfigurationList;
			buildConfigurations = (
				A8BC592A1AC1BA2C006C5535 /* Debug */,
				A8BC592B1AC1BA2C006C5535 /* Release */,
			);
			defaultConfigurationIsVisible = 0;
			defaultConfigurationName = Release;
		};
/* End XCConfigurationList section */
	};
	rootObject = A8BC59021AC1BA2C006C5535 /* Project object */;
}
